
Microsoft Visual Studio Solution File, Format Version 12.00
# Visual Studio 15
VisualStudioVersion = 15.0.27703.2035
MinimumVisualStudioVersion = 10.0.40219.1
Project("{FAE04EC0-301F-11D3-BF4B-00C04F79EFBC}") = "SSPFS.DesktopHost", "SSPFS.DesktopHost.csproj", "{9C3FE0BD-6B74-40CE-8BF2-757E82C16DFF}"
EndProject
Global
	GlobalSection(SolutionConfigurationPlatforms) = preSolution
		Debug|Any CPU = Debug|Any CPU
		Release|Any CPU = Release|Any CPU
	EndGlobalSection
	GlobalSection(ProjectConfigurationPlatforms) = postSolution
		{9C3FE0BD-6B74-40CE-8BF2-757E82C16DFF}.Debug|Any CPU.ActiveCfg = Debug|Any CPU
		{9C3FE0BD-6B74-40CE-8BF2-757E82C16DFF}.Debug|Any CPU.Build.0 = Debug|Any CPU
		{9C3FE0BD-6B74-40CE-8BF2-757E82C16DFF}.Release|Any CPU.ActiveCfg = Release|Any CPU
		{9C3FE0BD-6B74-40CE-8BF2-757E82C16DFF}.Release|Any CPU.Build.0 = Release|Any CPU
	EndGlobalSection
	GlobalSection(SolutionProperties) = preSolution
		HideSolutionNode = FALSE
	EndGlobalSection
	GlobalSection(ExtensibilityGlobals) = postSolution
		SolutionGuid = {88B05228-81DA-4CA5-95AE-E141956A683E}
	EndGlobalSection
EndGlobal
